// !$*UTF8*$!
{
	archiveVersion = 1;
	classes = {
	};
	objectVersion = 56;
	objects = {

/* Begin PBXBuildFile section */
		B10000000000000000000001 /* CodexLiveActivitySmokeApp.swift in Sources */ = {isa = PBXBuildFile; fileRef = C10000000000000000000001 /* CodexLiveActivitySmokeApp.swift */; };
		B10000000000000000000002 /* ContentView.swift in Sources */ = {isa = PBXBuildFile; fileRef = C10000000000000000000002 /* ContentView.swift */; };
		B10000000000000000000003 /* SmokeActivityAttributes.swift in Sources */ = {isa = PBXBuildFile; fileRef = C10000000000000000000003 /* SmokeActivityAttributes.swift */; };
		B10000000000000000000004 /* SmokeActivityBundle.swift in Sources */ = {isa = PBXBuildFile; fileRef = C10000000000000000000004 /* SmokeActivityBundle.swift */; };
		B10000000000000000000005 /* SmokeLiveActivity.swift in Sources */ = {isa = PBXBuildFile; fileRef = C10000000000000000000005 /* SmokeLiveActivity.swift */; };
		B10000000000000000000006 /* SmokeActivityAttributes.swift in Sources */ = {isa = PBXBuildFile; fileRef = C10000000000000000000003 /* SmokeActivityAttributes.swift */; };
		B10000000000000000000007 /* CodexLiveActivitySmokeWidget.appex in Embed App Extensions */ = {isa = PBXBuildFile; fileRef = C1000000000000000000000A /* CodexLiveActivitySmokeWidget.appex */; settings = {ATTRIBUTES = (CodeSignOnCopy, RemoveHeadersOnCopy, ); }; };
		B10000000000000000000008 /* RemoteControlContract.swift in Sources */ = {isa = PBXBuildFile; fileRef = C1000000000000000000000B /* RemoteControlContract.swift */; };
		B10000000000000000000009 /* RemoteControlContract.swift in Sources */ = {isa = PBXBuildFile; fileRef = C1000000000000000000000B /* RemoteControlContract.swift */; };
		B1000000000000000000000A /* StopLiveActivityIntent.swift in Sources */ = {isa = PBXBuildFile; fileRef = C1000000000000000000000C /* StopLiveActivityIntent.swift */; };
		B1000000000000000000000B /* StopLiveActivityIntent.swift in Sources */ = {isa = PBXBuildFile; fileRef = C1000000000000000000000C /* StopLiveActivityIntent.swift */; };
		B1000000000000000000000C /* RemoteControlPairingStore.swift in Sources */ = {isa = PBXBuildFile; fileRef = C1000000000000000000000D /* RemoteControlPairingStore.swift */; };
		B1000000000000000000000D /* RemoteControlPairingStore.swift in Sources */ = {isa = PBXBuildFile; fileRef = C1000000000000000000000D /* RemoteControlPairingStore.swift */; };
		B1000000000000000000000E /* RemoteStopClient.swift in Sources */ = {isa = PBXBuildFile; fileRef = C1000000000000000000000E /* RemoteStopClient.swift */; };
		B1000000000000000000000F /* RemoteStopClient.swift in Sources */ = {isa = PBXBuildFile; fileRef = C1000000000000000000000E /* RemoteStopClient.swift */; };
		B10000000000000000000010 /* QRScannerView.swift in Sources */ = {isa = PBXBuildFile; fileRef = C1000000000000000000000F /* QRScannerView.swift */; };
		B10000000000000000000011 /* RemoteControlContractTests.swift in Sources */ = {isa = PBXBuildFile; fileRef = C10000000000000000000011 /* RemoteControlContractTests.swift */; };
		B10000000000000000000012 /* RemoteControlPairingStoreTests.swift in Sources */ = {isa = PBXBuildFile; fileRef = C10000000000000000000012 /* RemoteControlPairingStoreTests.swift */; };
		B10000000000000000000013 /* RemoteStopClientTests.swift in Sources */ = {isa = PBXBuildFile; fileRef = C10000000000000000000013 /* RemoteStopClientTests.swift */; };
		B10000000000000000000014 /* StopLiveActivityIntentTests.swift in Sources */ = {isa = PBXBuildFile; fileRef = C10000000000000000000014 /* StopLiveActivityIntentTests.swift */; };
/* End PBXBuildFile section */

/* Begin PBXContainerItemProxy section */
		D10000000000000000000001 /* PBXContainerItemProxy */ = {
			isa = PBXContainerItemProxy;
			containerPortal = E10000000000000000000001 /* Project object */;
			proxyType = 1;
			remoteGlobalIDString = A10000000000000000000002;
			remoteInfo = CodexLiveActivitySmokeWidget;
		};
		D10000000000000000000003 /* PBXContainerItemProxy */ = {
			isa = PBXContainerItemProxy;
			containerPortal = E10000000000000000000001 /* Project object */;
			proxyType = 1;
			remoteGlobalIDString = A10000000000000000000001;
			remoteInfo = CodexLiveActivitySmoke;
		};
/* End PBXContainerItemProxy section */

/* Begin PBXCopyFilesBuildPhase section */
		F10000000000000000000003 /* Embed App Extensions */ = {
			isa = PBXCopyFilesBuildPhase;
			buildActionMask = 2147483647;
			dstPath = "";
			dstSubfolderSpec = 13;
			files = (
				B10000000000000000000007 /* CodexLiveActivitySmokeWidget.appex in Embed App Extensions */,
			);
			name = "Embed App Extensions";
			runOnlyForDeploymentPostprocessing = 0;
		};
/* End PBXCopyFilesBuildPhase section */

/* Begin PBXFileReference section */
		C10000000000000000000001 /* CodexLiveActivitySmokeApp.swift */ = {isa = PBXFileReference; lastKnownFileType = sourcecode.swift; path = CodexLiveActivitySmokeApp.swift; sourceTree = "<group>"; };
		C10000000000000000000002 /* ContentView.swift */ = {isa = PBXFileReference; lastKnownFileType = sourcecode.swift; path = ContentView.swift; sourceTree = "<group>"; };
		C10000000000000000000003 /* SmokeActivityAttributes.swift */ = {isa = PBXFileReference; lastKnownFileType = sourcecode.swift; path = SmokeActivityAttributes.swift; sourceTree = "<group>"; };
		C10000000000000000000004 /* SmokeActivityBundle.swift */ = {isa = PBXFileReference; lastKnownFileType = sourcecode.swift; path = SmokeActivityBundle.swift; sourceTree = "<group>"; };
		C10000000000000000000005 /* SmokeLiveActivity.swift */ = {isa = PBXFileReference; lastKnownFileType = sourcecode.swift; path = SmokeLiveActivity.swift; sourceTree = "<group>"; };
		C10000000000000000000006 /* Info.plist */ = {isa = PBXFileReference; lastKnownFileType = text.plist.xml; path = Info.plist; sourceTree = "<group>"; };
		C10000000000000000000007 /* Info.plist */ = {isa = PBXFileReference; lastKnownFileType = text.plist.xml; path = Info.plist; sourceTree = "<group>"; };
		C10000000000000000000008 /* CodexLiveActivitySmoke.entitlements */ = {isa = PBXFileReference; lastKnownFileType = text.plist.entitlements; path = CodexLiveActivitySmoke.entitlements; sourceTree = "<group>"; };
		C10000000000000000000009 /* CodexLiveActivitySmoke.app */ = {isa = PBXFileReference; explicitFileType = wrapper.application; includeInIndex = 0; path = CodexLiveActivitySmoke.app; sourceTree = BUILT_PRODUCTS_DIR; };
		C1000000000000000000000A /* CodexLiveActivitySmokeWidget.appex */ = {isa = PBXFileReference; explicitFileType = "wrapper.app-extension"; includeInIndex = 0; path = CodexLiveActivitySmokeWidget.appex; sourceTree = BUILT_PRODUCTS_DIR; };
		C1000000000000000000000B /* RemoteControlContract.swift */ = {isa = PBXFileReference; lastKnownFileType = sourcecode.swift; path = RemoteControlContract.swift; sourceTree = "<group>"; };
		C1000000000000000000000C /* StopLiveActivityIntent.swift */ = {isa = PBXFileReference; lastKnownFileType = sourcecode.swift; path = StopLiveActivityIntent.swift; sourceTree = "<group>"; };
		C1000000000000000000000D /* RemoteControlPairingStore.swift */ = {isa = PBXFileReference; lastKnownFileType = sourcecode.swift; path = RemoteControlPairingStore.swift; sourceTree = "<group>"; };
		C1000000000000000000000E /* RemoteStopClient.swift */ = {isa = PBXFileReference; lastKnownFileType = sourcecode.swift; path = RemoteStopClient.swift; sourceTree = "<group>"; };
		C1000000000000000000000F /* QRScannerView.swift */ = {isa = PBXFileReference; lastKnownFileType = sourcecode.swift; path = QRScannerView.swift; sourceTree = "<group>"; };
		C10000000000000000000011 /* RemoteControlContractTests.swift */ = {isa = PBXFileReference; lastKnownFileType = sourcecode.swift; path = RemoteControlContractTests.swift; sourceTree = "<group>"; };
		C10000000000000000000012 /* RemoteControlPairingStoreTests.swift */ = {isa = PBXFileReference; lastKnownFileType = sourcecode.swift; path = RemoteControlPairingStoreTests.swift; sourceTree = "<group>"; };
		C10000000000000000000013 /* RemoteStopClientTests.swift */ = {isa = PBXFileReference; lastKnownFileType = sourcecode.swift; path = RemoteStopClientTests.swift; sourceTree = "<group>"; };
		C10000000000000000000014 /* StopLiveActivityIntentTests.swift */ = {isa = PBXFileReference; lastKnownFileType = sourcecode.swift; path = StopLiveActivityIntentTests.swift; sourceTree = "<group>"; };
		C10000000000000000000015 /* CodexLiveActivitySmokeTests.xctest */ = {isa = PBXFileReference; explicitFileType = wrapper.cfbundle; includeInIndex = 0; path = CodexLiveActivitySmokeTests.xctest; sourceTree = BUILT_PRODUCTS_DIR; };
/* End PBXFileReference section */

/* Begin PBXFrameworksBuildPhase section */
		F10000000000000000000002 /* Frameworks */ = {
			isa = PBXFrameworksBuildPhase;
			buildActionMask = 2147483647;
			files = (
			);
			runOnlyForDeploymentPostprocessing = 0;
		};
		F10000000000000000000005 /* Frameworks */ = {
			isa = PBXFrameworksBuildPhase;
			buildActionMask = 2147483647;
			files = (
			);
			runOnlyForDeploymentPostprocessing = 0;
		};
		F10000000000000000000007 /* Frameworks */ = {
			isa = PBXFrameworksBuildPhase;
			buildActionMask = 2147483647;
			files = (
			);
			runOnlyForDeploymentPostprocessing = 0;
		};
/* End PBXFrameworksBuildPhase section */

/* Begin PBXGroup section */
		E10000000000000000000002 = {
			isa = PBXGroup;
			children = (
				E10000000000000000000003 /* App */,
				E10000000000000000000004 /* Shared */,
				E10000000000000000000005 /* Widget */,
				E10000000000000000000007 /* Tests */,
				E10000000000000000000006 /* Products */,
			);
			sourceTree = "<group>";
		};
		E10000000000000000000003 /* App */ = {
			isa = PBXGroup;
			children = (
				C10000000000000000000001 /* CodexLiveActivitySmokeApp.swift */,
				C10000000000000000000002 /* ContentView.swift */,
				C1000000000000000000000D /* RemoteControlPairingStore.swift */,
				C1000000000000000000000E /* RemoteStopClient.swift */,
				C1000000000000000000000F /* QRScannerView.swift */,
				C10000000000000000000006 /* Info.plist */,
				C10000000000000000000008 /* CodexLiveActivitySmoke.entitlements */,
			);
			path = App;
			sourceTree = "<group>";
		};
		E10000000000000000000004 /* Shared */ = {
			isa = PBXGroup;
			children = (
				C10000000000000000000003 /* SmokeActivityAttributes.swift */,
				C1000000000000000000000B /* RemoteControlContract.swift */,
				C1000000000000000000000C /* StopLiveActivityIntent.swift */,
			);
			path = Shared;
			sourceTree = "<group>";
		};
		E10000000000000000000005 /* Widget */ = {
			isa = PBXGroup;
			children = (
				C10000000000000000000004 /* SmokeActivityBundle.swift */,
				C10000000000000000000005 /* SmokeLiveActivity.swift */,
				C10000000000000000000007 /* Info.plist */,
			);
			path = Widget;
			sourceTree = "<group>";
		};
		E10000000000000000000006 /* Products */ = {
			isa = PBXGroup;
			children = (
				C10000000000000000000009 /* CodexLiveActivitySmoke.app */,
				C1000000000000000000000A /* CodexLiveActivitySmokeWidget.appex */,
				C10000000000000000000015 /* CodexLiveActivitySmokeTests.xctest */,
			);
			name = Products;
			sourceTree = "<group>";
		};
		E10000000000000000000007 /* Tests */ = {
			isa = PBXGroup;
			children = (
				C10000000000000000000011 /* RemoteControlContractTests.swift */,
				C10000000000000000000012 /* RemoteControlPairingStoreTests.swift */,
				C10000000000000000000013 /* RemoteStopClientTests.swift */,
				C10000000000000000000014 /* StopLiveActivityIntentTests.swift */,
			);
			path = Tests;
			sourceTree = "<group>";
		};
/* End PBXGroup section */

/* Begin PBXNativeTarget section */
		A10000000000000000000001 /* CodexLiveActivitySmoke */ = {
			isa = PBXNativeTarget;
			buildConfigurationList = A10000000000000000000003 /* Build configuration list for PBXNativeTarget "CodexLiveActivitySmoke" */;
			buildPhases = (
				F10000000000000000000001 /* Sources */,
				F10000000000000000000002 /* Frameworks */,
				F10000000000000000000003 /* Embed App Extensions */,
			);
			buildRules = (
			);
			dependencies = (
				D10000000000000000000002 /* PBXTargetDependency */,
			);
			name = CodexLiveActivitySmoke;
			productName = CodexLiveActivitySmoke;
			productReference = C10000000000000000000009 /* CodexLiveActivitySmoke.app */;
			productType = "com.apple.product-type.application";
		};
		A10000000000000000000002 /* CodexLiveActivitySmokeWidget */ = {
			isa = PBXNativeTarget;
			buildConfigurationList = A10000000000000000000004 /* Build configuration list for PBXNativeTarget "CodexLiveActivitySmokeWidget" */;
			buildPhases = (
				F10000000000000000000004 /* Sources */,
				F10000000000000000000005 /* Frameworks */,
			);
			buildRules = (
			);
			dependencies = (
			);
			name = CodexLiveActivitySmokeWidget;
			productName = CodexLiveActivitySmokeWidget;
			productReference = C1000000000000000000000A /* CodexLiveActivitySmokeWidget.appex */;
			productType = "com.apple.product-type.app-extension";
		};
		A10000000000000000000006 /* CodexLiveActivitySmokeTests */ = {
			isa = PBXNativeTarget;
			buildConfigurationList = A10000000000000000000007 /* Build configuration list for PBXNativeTarget "CodexLiveActivitySmokeTests" */;
			buildPhases = (
				F10000000000000000000006 /* Sources */,
				F10000000000000000000007 /* Frameworks */,
			);
			buildRules = (
			);
			dependencies = (
				D10000000000000000000004 /* PBXTargetDependency */,
			);
			name = CodexLiveActivitySmokeTests;
			productName = CodexLiveActivitySmokeTests;
			productReference = C10000000000000000000015 /* CodexLiveActivitySmokeTests.xctest */;
			productType = "com.apple.product-type.bundle.unit-test";
		};
/* End PBXNativeTarget section */

/* Begin PBXProject section */
		E10000000000000000000001 /* Project object */ = {
			isa = PBXProject;
			attributes = {
				BuildIndependentTargetsInParallel = 1;
				LastSwiftUpdateCheck = 2660;
				LastUpgradeCheck = 2660;
				TargetAttributes = {
					A10000000000000000000001 = {
						CreatedOnToolsVersion = 26.0;
						SystemCapabilities = {
							com.apple.Push = {
								enabled = 1;
							};
						};
					};
					A10000000000000000000002 = {
						CreatedOnToolsVersion = 26.0;
					};
					A10000000000000000000006 = {
						CreatedOnToolsVersion = 26.0;
						TestTargetID = A10000000000000000000001;
					};
				};
			};
			buildConfigurationList = A10000000000000000000005 /* Build configuration list for PBXProject "CodexLiveActivitySmoke" */;
			compatibilityVersion = "Xcode 14.0";
			developmentRegion = en;
			hasScannedForEncodings = 0;
			knownRegions = (
				en,
				Base,
			);
			mainGroup = E10000000000000000000002;
			productRefGroup = E10000000000000000000006 /* Products */;
			projectDirPath = "";
			projectRoot = "";
			targets = (
				A10000000000000000000001 /* CodexLiveActivitySmoke */,
				A10000000000000000000002 /* CodexLiveActivitySmokeWidget */,
				A10000000000000000000006 /* CodexLiveActivitySmokeTests */,
			);
		};
/* End PBXProject section */

/* Begin PBXSourcesBuildPhase section */
		F10000000000000000000001 /* Sources */ = {
			isa = PBXSourcesBuildPhase;
			buildActionMask = 2147483647;
			files = (
				B10000000000000000000001 /* CodexLiveActivitySmokeApp.swift in Sources */,
				B10000000000000000000002 /* ContentView.swift in Sources */,
				B10000000000000000000003 /* SmokeActivityAttributes.swift in Sources */,
				B10000000000000000000008 /* RemoteControlContract.swift in Sources */,
				B1000000000000000000000A /* StopLiveActivityIntent.swift in Sources */,
				B1000000000000000000000C /* RemoteControlPairingStore.swift in Sources */,
				B1000000000000000000000E /* RemoteStopClient.swift in Sources */,
				B10000000000000000000010 /* QRScannerView.swift in Sources */,
			);
			runOnlyForDeploymentPostprocessing = 0;
		};
		F10000000000000000000004 /* Sources */ = {
			isa = PBXSourcesBuildPhase;
			buildActionMask = 2147483647;
			files = (
				B10000000000000000000004 /* SmokeActivityBundle.swift in Sources */,
				B10000000000000000000005 /* SmokeLiveActivity.swift in Sources */,
				B10000000000000000000006 /* SmokeActivityAttributes.swift in Sources */,
				B10000000000000000000009 /* RemoteControlContract.swift in Sources */,
				B1000000000000000000000B /* StopLiveActivityIntent.swift in Sources */,
				B1000000000000000000000D /* RemoteControlPairingStore.swift in Sources */,
				B1000000000000000000000F /* RemoteStopClient.swift in Sources */,
			);
			runOnlyForDeploymentPostprocessing = 0;
		};
		F10000000000000000000006 /* Sources */ = {
			isa = PBXSourcesBuildPhase;
			buildActionMask = 2147483647;
			files = (
				B10000000000000000000011 /* RemoteControlContractTests.swift in Sources */,
				B10000000000000000000012 /* RemoteControlPairingStoreTests.swift in Sources */,
				B10000000000000000000013 /* RemoteStopClientTests.swift in Sources */,
				B10000000000000000000014 /* StopLiveActivityIntentTests.swift in Sources */,
			);
			runOnlyForDeploymentPostprocessing = 0;
		};
/* End PBXSourcesBuildPhase section */

/* Begin PBXTargetDependency section */
		D10000000000000000000002 /* PBXTargetDependency */ = {
			isa = PBXTargetDependency;
			target = A10000000000000000000002 /* CodexLiveActivitySmokeWidget */;
			targetProxy = D10000000000000000000001 /* PBXContainerItemProxy */;
		};
		D10000000000000000000004 /* PBXTargetDependency */ = {
			isa = PBXTargetDependency;
			target = A10000000000000000000001 /* CodexLiveActivitySmoke */;
			targetProxy = D10000000000000000000003 /* PBXContainerItemProxy */;
		};
/* End PBXTargetDependency section */

/* Begin XCBuildConfiguration section */
		A10000000000000000000008 /* Debug */ = {
			isa = XCBuildConfiguration;
			buildSettings = {
				BUNDLE_LOADER = "$(TEST_HOST)";
				CODE_SIGN_STYLE = Automatic;
				CURRENT_PROJECT_VERSION = 1;
				GENERATE_INFOPLIST_FILE = YES;
				IPHONEOS_DEPLOYMENT_TARGET = 17.0;
				MARKETING_VERSION = 0.1;
				PRODUCT_BUNDLE_IDENTIFIER = com.xtypo.CodexLiveActivitySmokeTests;
				PRODUCT_NAME = "$(TARGET_NAME)";
				SUPPORTED_PLATFORMS = "iphoneos iphonesimulator";
				SWIFT_VERSION = 5.0;
				TARGETED_DEVICE_FAMILY = 1;
				TEST_HOST = "$(BUILT_PRODUCTS_DIR)/CodexLiveActivitySmoke.app/$(BUNDLE_EXECUTABLE_FOLDER_PATH)/CodexLiveActivitySmoke";
			};
			name = Debug;
		};
		A10000000000000000000009 /* Release */ = {
			isa = XCBuildConfiguration;
			buildSettings = {
				BUNDLE_LOADER = "$(TEST_HOST)";
				CODE_SIGN_STYLE = Automatic;
				CURRENT_PROJECT_VERSION = 1;
				GENERATE_INFOPLIST_FILE = YES;
				IPHONEOS_DEPLOYMENT_TARGET = 17.0;
				MARKETING_VERSION = 0.1;
				PRODUCT_BUNDLE_IDENTIFIER = com.xtypo.CodexLiveActivitySmokeTests;
				PRODUCT_NAME = "$(TARGET_NAME)";
				SUPPORTED_PLATFORMS = "iphoneos iphonesimulator";
				SWIFT_VERSION = 5.0;
				TARGETED_DEVICE_FAMILY = 1;
				TEST_HOST = "$(BUILT_PRODUCTS_DIR)/CodexLiveActivitySmoke.app/$(BUNDLE_EXECUTABLE_FOLDER_PATH)/CodexLiveActivitySmoke";
			};
			name = Release;
		};
		A10000000000000000000010 /* Debug */ = {
			isa = XCBuildConfiguration;
			buildSettings = {
				ALWAYS_SEARCH_USER_PATHS = NO;
				CLANG_ENABLE_MODULES = YES;
				CLANG_ENABLE_OBJC_ARC = YES;
				COPY_PHASE_STRIP = NO;
				DEBUG_INFORMATION_FORMAT = dwarf;
				ENABLE_TESTABILITY = YES;
				GCC_C_LANGUAGE_STANDARD = gnu17;
				GCC_OPTIMIZATION_LEVEL = 0;
				IPHONEOS_DEPLOYMENT_TARGET = 17.0;
				ONLY_ACTIVE_ARCH = YES;
				SDKROOT = iphoneos;
				SWIFT_ACTIVE_COMPILATION_CONDITIONS = "DEBUG $(inherited)";
				SWIFT_OPTIMIZATION_LEVEL = "-Onone";
			};
			name = Debug;
		};
		A10000000000000000000011 /* Release */ = {
			isa = XCBuildConfiguration;
			buildSettings = {
				ALWAYS_SEARCH_USER_PATHS = NO;
				CLANG_ENABLE_MODULES = YES;
				CLANG_ENABLE_OBJC_ARC = YES;
				COPY_PHASE_STRIP = YES;
				DEBUG_INFORMATION_FORMAT = "dwarf-with-dsym";
				GCC_C_LANGUAGE_STANDARD = gnu17;
				IPHONEOS_DEPLOYMENT_TARGET = 17.0;
				SDKROOT = iphoneos;
				SWIFT_COMPILATION_MODE = wholemodule;
				SWIFT_OPTIMIZATION_LEVEL = "-O";
			};
			name = Release;
		};
		A10000000000000000000012 /* Debug */ = {
			isa = XCBuildConfiguration;
			buildSettings = {
				CODE_SIGN_ENTITLEMENTS = App/CodexLiveActivitySmoke.entitlements;
				CODE_SIGN_STYLE = Automatic;
				CURRENT_PROJECT_VERSION = 1;
				GENERATE_INFOPLIST_FILE = NO;
				INFOPLIST_FILE = App/Info.plist;
				LD_RUNPATH_SEARCH_PATHS = (
					"$(inherited)",
					"@executable_path/Frameworks",
				);
				MARKETING_VERSION = 0.1;
				PRODUCT_BUNDLE_IDENTIFIER = com.xtypo.CodexLiveActivitySmoke;
				PRODUCT_NAME = "$(TARGET_NAME)";
				SUPPORTED_PLATFORMS = "iphoneos iphonesimulator";
				SWIFT_EMIT_LOC_STRINGS = YES;
				SWIFT_VERSION = 5.0;
				TARGETED_DEVICE_FAMILY = 1;
			};
			name = Debug;
		};
		A10000000000000000000013 /* Release */ = {
			isa = XCBuildConfiguration;
			buildSettings = {
				CODE_SIGN_ENTITLEMENTS = App/CodexLiveActivitySmoke.entitlements;
				CODE_SIGN_STYLE = Automatic;
				CURRENT_PROJECT_VERSION = 1;
				GENERATE_INFOPLIST_FILE = NO;
				INFOPLIST_FILE = App/Info.plist;
				LD_RUNPATH_SEARCH_PATHS = (
					"$(inherited)",
					"@executable_path/Frameworks",
				);
				MARKETING_VERSION = 0.1;
				PRODUCT_BUNDLE_IDENTIFIER = com.xtypo.CodexLiveActivitySmoke;
				PRODUCT_NAME = "$(TARGET_NAME)";
				SUPPORTED_PLATFORMS = "iphoneos iphonesimulator";
				SWIFT_EMIT_LOC_STRINGS = YES;
				SWIFT_VERSION = 5.0;
				TARGETED_DEVICE_FAMILY = 1;
			};
			name = Release;
		};
		A10000000000000000000014 /* Debug */ = {
			isa = XCBuildConfiguration;
			buildSettings = {
				APPLICATION_EXTENSION_API_ONLY = YES;
				CODE_SIGN_STYLE = Automatic;
				CURRENT_PROJECT_VERSION = 1;
				GENERATE_INFOPLIST_FILE = NO;
				INFOPLIST_FILE = Widget/Info.plist;
				LD_RUNPATH_SEARCH_PATHS = (
					"$(inherited)",
					"@executable_path/Frameworks",
					"@executable_path/../../Frameworks",
				);
				MARKETING_VERSION = 0.1;
				PRODUCT_BUNDLE_IDENTIFIER = com.xtypo.CodexLiveActivitySmoke.Widget;
				PRODUCT_NAME = "$(TARGET_NAME)";
				SKIP_INSTALL = YES;
				SUPPORTED_PLATFORMS = "iphoneos iphonesimulator";
				SWIFT_EMIT_LOC_STRINGS = YES;
				SWIFT_VERSION = 5.0;
				TARGETED_DEVICE_FAMILY = 1;
			};
			name = Debug;
		};
		A10000000000000000000015 /* Release */ = {
			isa = XCBuildConfiguration;
			buildSettings = {
				APPLICATION_EXTENSION_API_ONLY = YES;
				CODE_SIGN_STYLE = Automatic;
				CURRENT_PROJECT_VERSION = 1;
				GENERATE_INFOPLIST_FILE = NO;
				INFOPLIST_FILE = Widget/Info.plist;
				LD_RUNPATH_SEARCH_PATHS = (
					"$(inherited)",
					"@executable_path/Frameworks",
					"@executable_path/../../Frameworks",
				);
				MARKETING_VERSION = 0.1;
				PRODUCT_BUNDLE_IDENTIFIER = com.xtypo.CodexLiveActivitySmoke.Widget;
				PRODUCT_NAME = "$(TARGET_NAME)";
				SKIP_INSTALL = YES;
				SUPPORTED_PLATFORMS = "iphoneos iphonesimulator";
				SWIFT_EMIT_LOC_STRINGS = YES;
				SWIFT_VERSION = 5.0;
				TARGETED_DEVICE_FAMILY = 1;
			};
			name = Release;
		};
/* End XCBuildConfiguration section */

/* Begin XCConfigurationList section */
		A10000000000000000000003 /* Build configuration list for PBXNativeTarget "CodexLiveActivitySmoke" */ = {
			isa = XCConfigurationList;
			buildConfigurations = (
				A10000000000000000000012 /* Debug */,
				A10000000000000000000013 /* Release */,
			);
			defaultConfigurationIsVisible = 0;
			defaultConfigurationName = Release;
		};
		A10000000000000000000004 /* Build configuration list for PBXNativeTarget "CodexLiveActivitySmokeWidget" */ = {
			isa = XCConfigurationList;
			buildConfigurations = (
				A10000000000000000000014 /* Debug */,
				A10000000000000000000015 /* Release */,
			);
			defaultConfigurationIsVisible = 0;
			defaultConfigurationName = Release;
		};
		A10000000000000000000005 /* Build configuration list for PBXProject "CodexLiveActivitySmoke" */ = {
			isa = XCConfigurationList;
			buildConfigurations = (
				A10000000000000000000010 /* Debug */,
				A10000000000000000000011 /* Release */,
			);
			defaultConfigurationIsVisible = 0;
			defaultConfigurationName = Release;
		};
		A10000000000000000000007 /* Build configuration list for PBXNativeTarget "CodexLiveActivitySmokeTests" */ = {
			isa = XCConfigurationList;
			buildConfigurations = (
				A10000000000000000000008 /* Debug */,
				A10000000000000000000009 /* Release */,
			);
			defaultConfigurationIsVisible = 0;
			defaultConfigurationName = Release;
		};
/* End XCConfigurationList section */
	};
	rootObject = E10000000000000000000001 /* Project object */;
}
